// !$*UTF8*$!
{
	archiveVersion = 1;
	classes = {
	};
	objectVersion = 55;
	objects = {

/* Begin PBXBuildFile section */
		D3466CA82B436E7C0082D249 /* AppDelegate.swift in Sources */ = {isa = PBXBuildFile; fileRef = D3466CA72B436E7C0082D249 /* AppDelegate.swift */; };
		D3466CAA2B436E7C0082D249 /* SceneDelegate.swift in Sources */ = {isa = PBXBuildFile; fileRef = D3466CA92B436E7C0082D249 /* SceneDelegate.swift */; };
		D3466CAC2B436E7C0082D249 /* ViewController.swift in Sources */ = {isa = PBXBuildFile; fileRef = D3466CAB2B436E7C0082D249 /* ViewController.swift */; };
		D3466CAF2B436E7D0082D249 /* Main.storyboard in Resources */ = {isa = PBXBuildFile; fileRef = D3466CAD2B436E7D0082D249 /* Main.storyboard */; };
		D3466CB22B436E7D0082D249 /* examLocalDatabase.xcdatamodeld in Sources */ = {isa = PBXBuildFile; fileRef = D3466CB02B436E7D0082D249 /* examLocalDatabase.xcdatamodeld */; };
		D3466CB42B436E7F0082D249 /* Assets.xcassets in Resources */ = {isa = PBXBuildFile; fileRef = D3466CB32B436E7F0082D249 /* Assets.xcassets */; };
		D3466CB72B436E7F0082D249 /* LaunchScreen.storyboard in Resources */ = {isa = PBXBuildFile; fileRef = D3466CB52B436E7F0082D249 /* LaunchScreen.storyboard */; };
		D3466CCA2B436E7F0082D249 /* FMDatabase.m in Sources */ = {isa = PBXBuildFile; fileRef = D3466CC02B436E7F0082D249 /* FMDatabase.m */; };
		D3466CCB2B436E7F0082D249 /* FMResultSet.m in Sources */ = {isa = PBXBuildFile; fileRef = D3466CC32B436E7F0082D249 /* FMResultSet.m */; };
		D3466CCC2B436E7F0082D249 /* FMDatabaseAdditions.m in Sources */ = {isa = PBXBuildFile; fileRef = D3466CC42B436E7F0082D249 /* FMDatabaseAdditions.m */; };
		D3466CCD2B436E7F0082D249 /* FMDatabaseQueue.m in Sources */ = {isa = PBXBuildFile; fileRef = D3466CC62B436E7F0082D249 /* FMDatabaseQueue.m */; };
		D3466CCE2B436E7F0082D249 /* FMDatabasePool.m in Sources */ = {isa = PBXBuildFile; fileRef = D3466CC72B436E7F0082D249 /* FMDatabasePool.m */; };
		D3466CD02B436E7F0082D249 /* fmdbHelper.swift in Sources */ = {isa = PBXBuildFile; fileRef = D3466CCF2B436E7F0082D249 /* fmdbHelper.swift */; };
		D3466CD42B436E7F0082D249 /* MyTableViewCell.swift in Sources */ = {isa = PBXBuildFile; fileRef = D3466CD32B436E7F0082D249 /* MyTableViewCell.swift */; };
		D3466CD62B436E7F0082D249 /* ViewController2.swift in Sources */ = {isa = PBXBuildFile; fileRef = D3466CD52B436E7F0082D249 /* ViewController2.swift */; };
/* End PBXBuildFile section */

/* Begin PBXFileReference section */
		D3466CA42B436E7B0082D249 /* examLocalDatabase.app */ = {isa = PBXFileReference; explicitFileType = wrapper.application; includeInIndex = 0; path = examLocalDatabase.app; sourceTree = BUILT_PRODUCTS_DIR; };
		D3466CA72B436E7C0082D249 /* AppDelegate.swift */ = {isa = PBXFileReference; lastKnownFileType = sourcecode.swift; path = AppDelegate.swift; sourceTree = "<group>"; };
		D3466CA92B436E7C0082D249 /* SceneDelegate.swift */ = {isa = PBXFileReference; lastKnownFileType = sourcecode.swift; path = SceneDelegate.swift; sourceTree = "<group>"; };
		D3466CAB2B436E7C0082D249 /* ViewController.swift */ = {isa = PBXFileReference; lastKnownFileType = sourcecode.swift; path = ViewController.swift; sourceTree = "<group>"; };
		D3466CAE2B436E7D0082D249 /* Base */ = {isa = PBXFileReference; lastKnownFileType = file.storyboard; name = Base; path = Base.lproj/Main.storyboard; sourceTree = "<group>"; };
		D3466CB12B436E7D0082D249 /* examLocalDatabase.xcdatamodel */ = {isa = PBXFileReference; lastKnownFileType = wrapper.xcdatamodel; path = examLocalDatabase.xcdatamodel; sourceTree = "<group>"; };
		D3466CB32B436E7F0082D249 /* Assets.xcassets */ = {isa = PBXFileReference; lastKnownFileType = folder.assetcatalog; path = Assets.xcassets; sourceTree = "<group>"; };
		D3466CB62B436E7F0082D249 /* Base */ = {isa = PBXFileReference; lastKnownFileType = file.storyboard; name = Base; path = Base.lproj/LaunchScreen.storyboard; sourceTree = "<group>"; };
		D3466CB82B436E7F0082D249 /* Info.plist */ = {isa = PBXFileReference; lastKnownFileType = text.plist.xml; path = Info.plist; sourceTree = "<group>"; };
		D3466CBE2B436E7F0082D249 /* examLocalDatabase-Bridging-Header.h */ = {isa = PBXFileReference; lastKnownFileType = sourcecode.c.h; path = "examLocalDatabase-Bridging-Header.h"; sourceTree = "<group>"; };
		D3466CBF2B436E7F0082D249 /* FMDatabasePool.h */ = {isa = PBXFileReference; fileEncoding = 4; lastKnownFileType = sourcecode.c.h; path = FMDatabasePool.h; sourceTree = "<group>"; };
		D3466CC02B436E7F0082D249 /* FMDatabase.m */ = {isa = PBXFileReference; fileEncoding = 4; lastKnownFileType = sourcecode.c.objc; path = FMDatabase.m; sourceTree = "<group>"; };
		D3466CC12B436E7F0082D249 /* FMDatabase.h */ = {isa = PBXFileReference; fileEncoding = 4; lastKnownFileType = sourcecode.c.h; path = FMDatabase.h; sourceTree = "<group>"; };
		D3466CC22B436E7F0082D249 /* FMDatabaseQueue.h */ = {isa = PBXFileReference; fileEncoding = 4; lastKnownFileType = sourcecode.c.h; path = FMDatabaseQueue.h; sourceTree = "<group>"; };
		D3466CC32B436E7F0082D249 /* FMResultSet.m */ = {isa = PBXFileReference; fileEncoding = 4; lastKnownFileType = sourcecode.c.objc; path = FMResultSet.m; sourceTree = "<group>"; };
		D3466CC42B436E7F0082D249 /* FMDatabaseAdditions.m */ = {isa = PBXFileReference; fileEncoding = 4; lastKnownFileType = sourcecode.c.objc; path = FMDatabaseAdditions.m; sourceTree = "<group>"; };
		D3466CC52B436E7F0082D249 /* FMResultSet.h */ = {isa = PBXFileReference; fileEncoding = 4; lastKnownFileType = sourcecode.c.h; path = FMResultSet.h; sourceTree = "<group>"; };
		D3466CC62B436E7F0082D249 /* FMDatabaseQueue.m */ = {isa = PBXFileReference; fileEncoding = 4; lastKnownFileType = sourcecode.c.objc; path = FMDatabaseQueue.m; sourceTree = "<group>"; };
		D3466CC72B436E7F0082D249 /* FMDatabasePool.m */ = {isa = PBXFileReference; fileEncoding = 4; lastKnownFileType = sourcecode.c.objc; path = FMDatabasePool.m; sourceTree = "<group>"; };
		D3466CC82B436E7F0082D249 /* FMDB.h */ = {isa = PBXFileReference; fileEncoding = 4; lastKnownFileType = sourcecode.c.h; path = FMDB.h; sourceTree = "<group>"; };
		D3466CC92B436E7F0082D249 /* FMDatabaseAdditions.h */ = {isa = PBXFileReference; fileEncoding = 4; lastKnownFileType = sourcecode.c.h; path = FMDatabaseAdditions.h; sourceTree = "<group>"; };
		D3466CCF2B436E7F0082D249 /* fmdbHelper.swift */ = {isa = PBXFileReference; lastKnownFileType = sourcecode.swift; path = fmdbHelper.swift; sourceTree = "<group>"; };
		D3466CD32B436E7F0082D249 /* MyTableViewCell.swift */ = {isa = PBXFileReference; lastKnownFileType = sourcecode.swift; path = MyTableViewCell.swift; sourceTree = "<group>"; };
		D3466CD52B436E7F0082D249 /* ViewController2.swift */ = {isa = PBXFileReference; lastKnownFileType = sourcecode.swift; path = ViewController2.swift; sourceTree = "<group>"; };
/* End PBXFileReference section */

/* Begin PBXFrameworksBuildPhase section */
		D3466CA12B436E7B0082D249 /* Frameworks */ = {
			isa = PBXFrameworksBuildPhase;
			buildActionMask = 2147483647;
			files = (
			);
			runOnlyForDeploymentPostprocessing = 0;
		};
/* End PBXFrameworksBuildPhase section */

/* Begin PBXGroup section */
		D3466C9B2B436E780082D249 = {
			isa = PBXGroup;
			children = (
				D3466CA62B436E7B0082D249 /* examLocalDatabase */,
				D3466CA52B436E7B0082D249 /* Products */,
			);
			sourceTree = "<group>";
		};
		D3466CA52B436E7B0082D249 /* Products */ = {
			isa = PBXGroup;
			children = (
				D3466CA42B436E7B0082D249 /* examLocalDatabase.app */,
			);
			name = Products;
			sourceTree = "<group>";
		};
		D3466CA62B436E7B0082D249 /* examLocalDatabase */ = {
			isa = PBXGroup;
			children = (
				D3466CA72B436E7C0082D249 /* AppDelegate.swift */,
				D3466CA92B436E7C0082D249 /* SceneDelegate.swift */,
				D3466CAB2B436E7C0082D249 /* ViewController.swift */,
				D3466CD32B436E7F0082D249 /* MyTableViewCell.swift */,
				D3466CAD2B436E7D0082D249 /* Main.storyboard */,
				D3466CD52B436E7F0082D249 /* ViewController2.swift */,
				D3466CCF2B436E7F0082D249 /* fmdbHelper.swift */,
				D3466CB32B436E7F0082D249 /* Assets.xcassets */,
				D3466CB52B436E7F0082D249 /* LaunchScreen.storyboard */,
				D3466CB82B436E7F0082D249 /* Info.plist */,
				D3466CB02B436E7D0082D249 /* examLocalDatabase.xcdatamodeld */,
				D3466CC12B436E7F0082D249 /* FMDatabase.h */,
				D3466CC02B436E7F0082D249 /* FMDatabase.m */,
				D3466CC92B436E7F0082D249 /* FMDatabaseAdditions.h */,
				D3466CC42B436E7F0082D249 /* FMDatabaseAdditions.m */,
				D3466CBF2B436E7F0082D249 /* FMDatabasePool.h */,
				D3466CC72B436E7F0082D249 /* FMDatabasePool.m */,
				D3466CC22B436E7F0082D249 /* FMDatabaseQueue.h */,
				D3466CC62B436E7F0082D249 /* FMDatabaseQueue.m */,
				D3466CC82B436E7F0082D249 /* FMDB.h */,
				D3466CC52B436E7F0082D249 /* FMResultSet.h */,
				D3466CC32B436E7F0082D249 /* FMResultSet.m */,
				D3466CBE2B436E7F0082D249 /* examLocalDatabase-Bridging-Header.h */,
			);
			path = examLocalDatabase;
			sourceTree = "<group>";
		};
/* End PBXGroup section */

/* Begin PBXNativeTarget section */
		D3466CA32B436E7B0082D249 /* examLocalDatabase */ = {
			isa = PBXNativeTarget;
			buildConfigurationList = D3466CBB2B436E7F0082D249 /* Build configuration list for PBXNativeTarget "examLocalDatabase" */;
			buildPhases = (
				D3466CA02B436E7B0082D249 /* Sources */,
				D3466CA12B436E7B0082D249 /* Frameworks */,
				D3466CA22B436E7B0082D249 /* Resources */,
			);
			buildRules = (
			);
			dependencies = (
			);
			name = examLocalDatabase;
			productName = examLocalDatabase;
			productReference = D3466CA42B436E7B0082D249 /* examLocalDatabase.app */;
			productType = "com.apple.product-type.application";
		};
/* End PBXNativeTarget section */

/* Begin PBXProject section */
		D3466C9C2B436E780082D249 /* Project object */ = {
			isa = PBXProject;
			attributes = {
				BuildIndependentTargetsInParallel = 1;
				LastSwiftUpdateCheck = 1300;
				LastUpgradeCheck = 1300;
				TargetAttributes = {
					D3466CA32B436E7B0082D249 = {
						CreatedOnToolsVersion = 13.0;
						LastSwiftMigration = 1300;
					};
				};
			};
			buildConfigurationList = D3466C9F2B436E780082D249 /* Build configuration list for PBXProject "examLocalDatabase" */;
			compatibilityVersion = "Xcode 13.0";
			developmentRegion = en;
			hasScannedForEncodings = 0;
			knownRegions = (
				en,
				Base,
			);
			mainGroup = D3466C9B2B436E780082D249;
			productRefGroup = D3466CA52B436E7B0082D249 /* Products */;
			projectDirPath = "";
			projectRoot = "";
			targets = (
				D3466CA32B436E7B0082D249 /* examLocalDatabase */,
			);
		};
/* End PBXProject section */

/* Begin PBXResourcesBuildPhase section */
		D3466CA22B436E7B0082D249 /* Resources */ = {
			isa = PBXResourcesBuildPhase;
			buildActionMask = 2147483647;
			files = (
				D3466CB72B436E7F0082D249 /* LaunchScreen.storyboard in Resources */,
				D3466CB42B436E7F0082D249 /* Assets.xcassets in Resources */,
				D3466CAF2B436E7D0082D249 /* Main.storyboard in Resources */,
			);
			runOnlyForDeploymentPostprocessing = 0;
		};
/* End PBXResourcesBuildPhase section */

/* Begin PBXSourcesBuildPhase section */
		D3466CA02B436E7B0082D249 /* Sources */ = {
			isa = PBXSourcesBuildPhase;
			buildActionMask = 2147483647;
			files = (
				D3466CD02B436E7F0082D249 /* fmdbHelper.swift in Sources */,
				D3466CCB2B436E7F0082D249 /* FMResultSet.m in Sources */,
				D3466CCD2B436E7F0082D249 /* FMDatabaseQueue.m in Sources */,
				D3466CD42B436E7F0082D249 /* MyTableViewCell.swift in Sources */,
				D3466CAC2B436E7C0082D249 /* ViewController.swift in Sources */,
				D3466CD62B436E7F0082D249 /* ViewController2.swift in Sources */,
				D3466CB22B436E7D0082D249 /* examLocalDatabase.xcdatamodeld in Sources */,
				D3466CCE2B436E7F0082D249 /* FMDatabasePool.m in Sources */,
				D3466CA82B436E7C0082D249 /* AppDelegate.swift in Sources */,
				D3466CCA2B436E7F0082D249 /* FMDatabase.m in Sources */,
				D3466CCC2B436E7F0082D249 /* FMDatabaseAdditions.m in Sources */,
				D3466CAA2B436E7C0082D249 /* SceneDelegate.swift in Sources */,
			);
			runOnlyForDeploymentPostprocessing = 0;
		};
/* End PBXSourcesBuildPhase section */

/* Begin PBXVariantGroup section */
		D3466CAD2B436E7D0082D249 /* Main.storyboard */ = {
			isa = PBXVariantGroup;
			children = (
				D3466CAE2B436E7D0082D249 /* Base */,
			);
			name = Main.storyboard;
			sourceTree = "<group>";
		};
		D3466CB52B436E7F0082D249 /* LaunchScreen.storyboard */ = {
			isa = PBXVariantGroup;
			children = (
				D3466CB62B436E7F0082D249 /* Base */,
			);
			name = LaunchScreen.storyboard;
			sourceTree = "<group>";
		};
/* End PBXVariantGroup section */

/* Begin XCBuildConfiguration section */
		D3466CB92B436E7F0082D249 /* Debug */ = {
			isa = XCBuildConfiguration;
			buildSettings = {
				ALWAYS_SEARCH_USER_PATHS = NO;
				CLANG_ANALYZER_NONNULL = YES;
				CLANG_ANALYZER_NUMBER_OBJECT_CONVERSION = YES_AGGRESSIVE;
				CLANG_CXX_LANGUAGE_STANDARD = "gnu++17";
				CLANG_CXX_LIBRARY = "libc++";
				CLANG_ENABLE_MODULES = YES;
				CLANG_ENABLE_OBJC_ARC = YES;
				CLANG_ENABLE_OBJC_WEAK = YES;
				CLANG_WARN_BLOCK_CAPTURE_AUTORELEASING = YES;
				CLANG_WARN_BOOL_CONVERSION = YES;
				CLANG_WARN_COMMA = YES;
				CLANG_WARN_CONSTANT_CONVERSION = YES;
				CLANG_WARN_DEPRECATED_OBJC_IMPLEMENTATIONS = YES;
				CLANG_WARN_DIRECT_OBJC_ISA_USAGE = YES_ERROR;
				CLANG_WARN_DOCUMENTATION_COMMENTS = YES;
				CLANG_WARN_EMPTY_BODY = YES;
				CLANG_WARN_ENUM_CONVERSION = YES;
				CLANG_WARN_INFINITE_RECURSION = YES;
				CLANG_WARN_INT_CONVERSION = YES;
				CLANG_WARN_NON_LITERAL_NULL_CONVERSION = YES;
				CLANG_WARN_OBJC_IMPLICIT_RETAIN_SELF = YES;
				CLANG_WARN_OBJC_LITERAL_CONVERSION = YES;
				CLANG_WARN_OBJC_ROOT_CLASS = YES_ERROR;
				CLANG_WARN_QUOTED_INCLUDE_IN_FRAMEWORK_HEADER = YES;
				CLANG_WARN_RANGE_LOOP_ANALYSIS = YES;
				CLANG_WARN_STRICT_PROTOTYPES = YES;
				CLANG_WARN_SUSPICIOUS_MOVE = YES;
				CLANG_WARN_UNGUARDED_AVAILABILITY = YES_AGGRESSIVE;
				CLANG_WARN_UNREACHABLE_CODE = YES;
				CLANG_WARN__DUPLICATE_METHOD_MATCH = YES;
				COPY_PHASE_STRIP = NO;
				DEBUG_INFORMATION_FORMAT = dwarf;
				ENABLE_STRICT_OBJC_MSGSEND = YES;
				ENABLE_TESTABILITY = YES;
				GCC_C_LANGUAGE_STANDARD = gnu11;
				GCC_DYNAMIC_NO_PIC = NO;
				GCC_NO_COMMON_BLOCKS = YES;
				GCC_OPTIMIZATION_LEVEL = 0;
				GCC_PREPROCESSOR_DEFINITIONS = (
					"DEBUG=1",
					"$(inherited)",
				);
				GCC_WARN_64_TO_32_BIT_CONVERSION = YES;
				GCC_WARN_ABOUT_RETURN_TYPE = YES_ERROR;
				GCC_WARN_UNDECLARED_SELECTOR = YES;
				GCC_WARN_UNINITIALIZED_AUTOS = YES_AGGRESSIVE;
				GCC_WARN_UNUSED_FUNCTION = YES;
				GCC_WARN_UNUSED_VARIABLE = YES;
				IPHONEOS_DEPLOYMENT_TARGET = 15.0;
				MTL_ENABLE_DEBUG_INFO = INCLUDE_SOURCE;
				MTL_FAST_MATH = YES;
				ONLY_ACTIVE_ARCH = YES;
				SDKROOT = iphoneos;
				SWIFT_ACTIVE_COMPILATION_CONDITIONS = DEBUG;
				SWIFT_OPTIMIZATION_LEVEL = "-Onone";
			};
			name = Debug;
		};
		D3466CBA2B436E7F0082D249 /* Release */ = {
			isa = XCBuildConfiguration;
			buildSettings = {
				ALWAYS_SEARCH_USER_PATHS = NO;
				CLANG_ANALYZER_NONNULL = YES;
				CLANG_ANALYZER_NUMBER_OBJECT_CONVERSION = YES_AGGRESSIVE;
				CLANG_CXX_LANGUAGE_STANDARD = "gnu++17";
				CLANG_CXX_LIBRARY = "libc++";
				CLANG_ENABLE_MODULES = YES;
				CLANG_ENABLE_OBJC_ARC = YES;
				CLANG_ENABLE_OBJC_WEAK = YES;
				CLANG_WARN_BLOCK_CAPTURE_AUTORELEASING = YES;
				CLANG_WARN_BOOL_CONVERSION = YES;
				CLANG_WARN_COMMA = YES;
				CLANG_WARN_CONSTANT_CONVERSION = YES;
				CLANG_WARN_DEPRECATED_OBJC_IMPLEMENTATIONS = YES;
				CLANG_WARN_DIRECT_OBJC_ISA_USAGE = YES_ERROR;
				CLANG_WARN_DOCUMENTATION_COMMENTS = YES;
				CLANG_WARN_EMPTY_BODY = YES;
				CLANG_WARN_ENUM_CONVERSION = YES;
				CLANG_WARN_INFINITE_RECURSION = YES;
				CLANG_WARN_INT_CONVERSION = YES;
				CLANG_WARN_NON_LITERAL_NULL_CONVERSION = YES;
				CLANG_WARN_OBJC_IMPLICIT_RETAIN_SELF = YES;
				CLANG_WARN_OBJC_LITERAL_CONVERSION = YES;
				CLANG_WARN_OBJC_ROOT_CLASS = YES_ERROR;
				CLANG_WARN_QUOTED_INCLUDE_IN_FRAMEWORK_HEADER = YES;
				CLANG_WARN_RANGE_LOOP_ANALYSIS = YES;
				CLANG_WARN_STRICT_PROTOTYPES = YES;
				CLANG_WARN_SUSPICIOUS_MOVE = YES;
				CLANG_WARN_UNGUARDED_AVAILABILITY = YES_AGGRESSIVE;
				CLANG_WARN_UNREACHABLE_CODE = YES;
				CLANG_WARN__DUPLICATE_METHOD_MATCH = YES;
				COPY_PHASE_STRIP = NO;
				DEBUG_INFORMATION_FORMAT = "dwarf-with-dsym";
				ENABLE_NS_ASSERTIONS = NO;
				ENABLE_STRICT_OBJC_MSGSEND = YES;
				GCC_C_LANGUAGE_STANDARD = gnu11;
				GCC_NO_COMMON_BLOCKS = YES;
				GCC_WARN_64_TO_32_BIT_CONVERSION = YES;
				GCC_WARN_ABOUT_RETURN_TYPE = YES_ERROR;
				GCC_WARN_UNDECLARED_SELECTOR = YES;
				GCC_WARN_UNINITIALIZED_AUTOS = YES_AGGRESSIVE;
				GCC_WARN_UNUSED_FUNCTION = YES;
				GCC_WARN_UNUSED_VARIABLE = YES;
				IPHONEOS_DEPLOYMENT_TARGET = 15.0;
				MTL_ENABLE_DEBUG_INFO = NO;
				MTL_FAST_MATH = YES;
				SDKROOT = iphoneos;
				SWIFT_COMPILATION_MODE = wholemodule;
				SWIFT_OPTIMIZATION_LEVEL = "-O";
				VALIDATE_PRODUCT = YES;
			};
			name = Release;
		};
		D3466CBC2B436E7F0082D249 /* Debug */ = {
			isa = XCBuildConfiguration;
			buildSettings = {
				ASSETCATALOG_COMPILER_APPICON_NAME = AppIcon;
				ASSETCATALOG_COMPILER_GLOBAL_ACCENT_COLOR_NAME = AccentColor;
				CLANG_ENABLE_MODULES = YES;
				CODE_SIGN_STYLE = Automatic;
				CURRENT_PROJECT_VERSION = 1;
				GENERATE_INFOPLIST_FILE = YES;
				INFOPLIST_FILE = examLocalDatabase/Info.plist;
				INFOPLIST_KEY_UIApplicationSupportsIndirectInputEvents = YES;
				INFOPLIST_KEY_UILaunchStoryboardName = LaunchScreen;
				INFOPLIST_KEY_UIMainStoryboardFile = Main;
				INFOPLIST_KEY_UISupportedInterfaceOrientations_iPad = "UIInterfaceOrientationPortrait UIInterfaceOrientationPortraitUpsideDown UIInterfaceOrientationLandscapeLeft UIInterfaceOrientationLandscapeRight";
				INFOPLIST_KEY_UISupportedInterfaceOrientations_iPhone = "UIInterfaceOrientationPortrait UIInterfaceOrientationLandscapeLeft UIInterfaceOrientationLandscapeRight";
				LD_RUNPATH_SEARCH_PATHS = (
					"$(inherited)",
					"@executable_path/Frameworks",
				);
				MARKETING_VERSION = 1.0;
				PRODUCT_BUNDLE_IDENTIFIER = com.rnw.examLocalDatabase;
				PRODUCT_NAME = "$(TARGET_NAME)";
				SWIFT_EMIT_LOC_STRINGS = YES;
				SWIFT_OBJC_BRIDGING_HEADER = "examLocalDatabase/examLocalDatabase-Bridging-Header.h";
				SWIFT_OPTIMIZATION_LEVEL = "-Onone";
				SWIFT_VERSION = 5.0;
				TARGETED_DEVICE_FAMILY = "1,2";
			};
			name = Debug;
		};
		D3466CBD2B436E7F0082D249 /* Release */ = {
			isa = XCBuildConfiguration;
			buildSettings = {
				ASSETCATALOG_COMPILER_APPICON_NAME = AppIcon;
				ASSETCATALOG_COMPILER_GLOBAL_ACCENT_COLOR_NAME = AccentColor;
				CLANG_ENABLE_MODULES = YES;
				CODE_SIGN_STYLE = Automatic;
				CURRENT_PROJECT_VERSION = 1;
				GENERATE_INFOPLIST_FILE = YES;
				INFOPLIST_FILE = examLocalDatabase/Info.plist;
				INFOPLIST_KEY_UIApplicationSupportsIndirectInputEvents = YES;
				INFOPLIST_KEY_UILaunchStoryboardName = LaunchScreen;
				INFOPLIST_KEY_UIMainStoryboardFile = Main;
				INFOPLIST_KEY_UISupportedInterfaceOrientations_iPad = "UIInterfaceOrientationPortrait UIInterfaceOrientationPortraitUpsideDown UIInterfaceOrientationLandscapeLeft UIInterfaceOrientationLandscapeRight";
				INFOPLIST_KEY_UISupportedInterfaceOrientations_iPhone = "UIInterfaceOrientationPortrait UIInterfaceOrientationLandscapeLeft UIInterfaceOrientationLandscapeRight";
				LD_RUNPATH_SEARCH_PATHS = (
					"$(inherited)",
					"@executable_path/Frameworks",
				);
				MARKETING_VERSION = 1.0;
				PRODUCT_BUNDLE_IDENTIFIER = com.rnw.examLocalDatabase;
				PRODUCT_NAME = "$(TARGET_NAME)";
				SWIFT_EMIT_LOC_STRINGS = YES;
				SWIFT_OBJC_BRIDGING_HEADER = "examLocalDatabase/examLocalDatabase-Bridging-Header.h";
				SWIFT_VERSION = 5.0;
				TARGETED_DEVICE_FAMILY = "1,2";
			};
			name = Release;
		};
/* End XCBuildConfiguration section */

/* Begin XCConfigurationList section */
		D3466C9F2B436E780082D249 /* Build configuration list for PBXProject "examLocalDatabase" */ = {
			isa = XCConfigurationList;
			buildConfigurations = (
				D3466CB92B436E7F0082D249 /* Debug */,
				D3466CBA2B436E7F0082D249 /* Release */,
			);
			defaultConfigurationIsVisible = 0;
			defaultConfigurationName = Release;
		};
		D3466CBB2B436E7F0082D249 /* Build configuration list for PBXNativeTarget "examLocalDatabase" */ = {
			isa = XCConfigurationList;
			buildConfigurations = (
				D3466CBC2B436E7F0082D249 /* Debug */,
				D3466CBD2B436E7F0082D249 /* Release */,
			);
			defaultConfigurationIsVisible = 0;
			defaultConfigurationName = Release;
		};
/* End XCConfigurationList section */

/* Begin XCVersionGroup section */
		D3466CB02B436E7D0082D249 /* examLocalDatabase.xcdatamodeld */ = {
			isa = XCVersionGroup;
			children = (
				D3466CB12B436E7D0082D249 /* examLocalDatabase.xcdatamodel */,
			);
			currentVersion = D3466CB12B436E7D0082D249 /* examLocalDatabase.xcdatamodel */;
			path = examLocalDatabase.xcdatamodeld;
			sourceTree = "<group>";
			versionGroupType = wrapper.xcdatamodel;
		};
/* End XCVersionGroup section */
	};
	rootObject = D3466C9C2B436E780082D249 /* Project object */;
}
